
Microsoft Visual Studio Solution File, Format Version 12.00
# Visual Studio 15
VisualStudioVersion = 15.0.28307.106
MinimumVisualStudioVersion = 10.0.40219.1
Project("{FAE04EC0-301F-11D3-BF4B-00C04F79EFBC}") = "HelloVisualStudioApp", "HelloVisualStudioApp\HelloVisualStudioApp.csproj", "{ABA1721D-0519-4C2B-AC1A-E87754F735E5}"
EndProject
Global
	GlobalSection(SolutionConfigurationPlatforms) = preSolution
		Debug|Any CPU = Debug|Any CPU
		Release|Any CPU = Release|Any CPU
	EndGlobalSection
	GlobalSection(ProjectConfigurationPlatforms) = postSolution
		{ABA1721D-0519-4C2B-AC1A-E87754F735E5}.Debug|Any CPU.ActiveCfg = Debug|Any CPU
		{ABA1721D-0519-4C2B-AC1A-E87754F735E5}.Debug|Any CPU.Build.0 = Debug|Any CPU
		{ABA1721D-0519-4C2B-AC1A-E87754F735E5}.Release|Any CPU.ActiveCfg = Release|Any CPU
		{ABA1721D-0519-4C2B-AC1A-E87754F735E5}.Release|Any CPU.Build.0 = Release|Any CPU
	EndGlobalSection
	GlobalSection(SolutionProperties) = preSolution
		HideSolutionNode = FALSE
	EndGlobalSection
	GlobalSection(ExtensibilityGlobals) = postSolution
		SolutionGuid = {14C36B86-D6EF-47F4-8488-82ACC6358B16}
	EndGlobalSection
EndGlobal
