
Microsoft Visual Studio Solution File, Format Version 12.00
# Visual Studio 15
VisualStudioVersion = 15.0.28307.136
MinimumVisualStudioVersion = 10.0.40219.1
Project("{FAE04EC0-301F-11D3-BF4B-00C04F79EFBC}") = "ADLNETDisconected", "ADLNETDisconected\ADLNETDisconected.csproj", "{D0239BDD-5F7C-49ED-8B07-798B61EB0602}"
EndProject
Global
	GlobalSection(SolutionConfigurationPlatforms) = preSolution
		Debug|Any CPU = Debug|Any CPU
		Release|Any CPU = Release|Any CPU
	EndGlobalSection
	GlobalSection(ProjectConfigurationPlatforms) = postSolution
		{D0239BDD-5F7C-49ED-8B07-798B61EB0602}.Debug|Any CPU.ActiveCfg = Debug|Any CPU
		{D0239BDD-5F7C-49ED-8B07-798B61EB0602}.Debug|Any CPU.Build.0 = Debug|Any CPU
		{D0239BDD-5F7C-49ED-8B07-798B61EB0602}.Release|Any CPU.ActiveCfg = Release|Any CPU
		{D0239BDD-5F7C-49ED-8B07-798B61EB0602}.Release|Any CPU.Build.0 = Release|Any CPU
	EndGlobalSection
	GlobalSection(SolutionProperties) = preSolution
		HideSolutionNode = FALSE
	EndGlobalSection
	GlobalSection(ExtensibilityGlobals) = postSolution
		SolutionGuid = {31412FCF-D273-4436-A43E-A6BF8233D925}
	EndGlobalSection
EndGlobal
